
Microsoft Visual Studio Solution File, Format Version 12.00
# Visual Studio Version 16
VisualStudioVersion = 16.0.31702.278
MinimumVisualStudioVersion = 10.0.40219.1
Project("{8BC9CEB8-8B4A-11D0-8D11-00A0C91BC942}") = "TEST", "TEST\TEST.vcxproj", "{C3B05E92-F85E-4DC3-A929-3DC14784286B}"
EndProject
Global
	GlobalSection(SolutionConfigurationPlatforms) = preSolution
		Debug|x64 = Debug|x64
		Debug|x86 = Debug|x86
		Release|x64 = Release|x64
		Release|x86 = Release|x86
	EndGlobalSection
	GlobalSection(ProjectConfigurationPlatforms) = postSolution
		{C3B05E92-F85E-4DC3-A929-3DC14784286B}.Debug|x64.ActiveCfg = Debug|x64
		{C3B05E92-F85E-4DC3-A929-3DC14784286B}.Debug|x64.Build.0 = Debug|x64
		{C3B05E92-F85E-4DC3-A929-3DC14784286B}.Debug|x86.ActiveCfg = Debug|Win32
		{C3B05E92-F85E-4DC3-A929-3DC14784286B}.Debug|x86.Build.0 = Debug|Win32
		{C3B05E92-F85E-4DC3-A929-3DC14784286B}.Release|x64.ActiveCfg = Release|x64
		{C3B05E92-F85E-4DC3-A929-3DC14784286B}.Release|x64.Build.0 = Release|x64
		{C3B05E92-F85E-4DC3-A929-3DC14784286B}.Release|x86.ActiveCfg = Release|Win32
		{C3B05E92-F85E-4DC3-A929-3DC14784286B}.Release|x86.Build.0 = Release|Win32
	EndGlobalSection
	GlobalSection(SolutionProperties) = preSolution
		HideSolutionNode = FALSE
	EndGlobalSection
	GlobalSection(ExtensibilityGlobals) = postSolution
		SolutionGuid = {5188F1B0-E3FA-446B-991F-67479BB99F99}
	EndGlobalSection
EndGlobal
